github.com/IvanMenshykov/MoonPhase v0.0.0-20210411203237-6c61017953a8 h1:CAsLU7hA16mz3e97GYJQvGevTVLF5jNqyKc5wKJjj0s=
github.com/IvanMenshykov/MoonPhase v0.0.0-20210411203237-6c61017953a8/go.mod h1:KEFZMBRDCunBlP5n9fXcPt27aXXLsnAq6WUmAl0DA0E=
github.com/brumawen/gopi-finder v0.0.0-20221021094225-a9a70cf5ee5a h1:wUcPOicPd4PB5ZRUGq7P8xYhYcR299VwZjHFej2tMAo=
github.com/brumawen/gopi-finder v0.0.0-20221021094225-a9a70cf5ee5a/go.mod h1:0Mmdid7bxXSgjMtPngTB7eqymLZOB0u+tF1ewik5tmc=
github.com/brumawen/gopi-finder v0.0.0-20230310115501-8bc5a4bde6cb h1:0Mm4M1EFEPMHu9gJ0rC9c1ev3s1NV6cowsbAYdNlG8g=
github.com/brumawen/gopi-finder v0.0.0-20230310115501-8bc5a4bde6cb/go.mod h1:0Mmdid7bxXSgjMtPngTB7eqymLZOB0u+tF1ewik5tmc=
github.com/brumawen/gopi-finder/src v0.0.0-20230310120639-ddc0e2f898b7 h1:kaELkFwNv7/XxRvV0F5jhqumuWVaCV2mDFE6cFHzq4c=
github.com/brumawen/gopi-finder/src v0.0.0-20230310120639-ddc0e2f898b7/go.mod h1:YtWuL/WoMa4zc1+zDRgBMzXBh5OrEQOdeC/JiaDxXJ4=
github.com/gorilla/mux v1.8.0 h1:i40aqfkR1h2SlN9hojwV5ZA91wcXFOvkdNIeFDP5koI=
github.com/gorilla/mux v1.8.0/go.mod h1:DVbg23sWSpFRCP0SfiEN6jmj59UnW/n46BH5rLB71So=
github.com/kardianos/service v1.2.2 h1:ZvePhAHfvo0A7Mftk/tEzqEZ7Q4lgnR8sGz4xu1YX60=
github.com/kardianos/service v1.2.2/go.mod h1:CIMRFEJVL+0DS1a3Nx06NaMn4Dz63Ng6O7dl0qH0zVM=
github.com/kelvins/sunrisesunset v0.0.0-20210220141756-39fa1bd816d5 h1:ouekCqYkMw4QXFCaLyYqjBe99/MUW4Qf3DJhCRh1G18=
github.com/kelvins/sunrisesunset v0.0.0-20210220141756-39fa1bd816d5/go.mod h1:3oZ7G+fb8Z8KF+KPHxeDO3GWpEjgvk/f+d/yaxmDRT4=
github.com/satori/go.uuid v1.2.0 h1:0uYX9dsZ2yD7q2RtLRtPSdGDWzjeM3TbMJP9utgA0ww=
github.com/satori/go.uuid v1.2.0/go.mod h1:dA0hQrYB0VpLJoorglMZABFdXlWrHn1NEOzdhQKdks0=
golang.org/x/sys v0.0.0-20201015000850-e3ed0017c211 h1:9UQO31fZ+0aKQOFldThf7BKPMJTiBfWycGh/u3UoO88=
golang.org/x/sys v0.0.0-20201015000850-e3ed0017c211/go.mod h1:h1NjWce9XRLGQEsW7wpKNCjG9DtNlClVuFLEZdDNbEs=
